
Microsoft Visual Studio Solution File, Format Version 12.00
# Visual Studio Version 17
VisualStudioVersion = 17.7.34031.279
MinimumVisualStudioVersion = 10.0.40219.1
Project("{2150E333-8FDC-42A3-9474-1A3956D46DE8}") = "TaskReview", "TaskReview", "{934BBF26-1FAB-4C25-B2C7-6A6F35E35022}"
EndProject
Project("{FAE04EC0-301F-11D3-BF4B-00C04F79EFBC}") = "Tyuiu.KhasanovRV.Sprint0.TaskReview.V0", "Tyuiu.KhasanovRV.Sprint0.TaskReview.V0\Tyuiu.KhasanovRV.Sprint0.TaskReview.V0.csproj", "{52B6B546-1688-48CE-9F51-E69FBB9F1DD8}"
EndProject
Project("{FAE04EC0-301F-11D3-BF4B-00C04F79EFBC}") = "Tyuiu.KhasanovRV.Sprint0.TaskReview.V0.Lib", "Tyuiu.KhasanovRV.Sprint0.TaskReview.V0.Lib\Tyuiu.KhasanovRV.Sprint0.TaskReview.V0.Lib.csproj", "{B6A6712B-5F98-4722-9B31-72EBE44FC044}"
EndProject
Project("{FAE04EC0-301F-11D3-BF4B-00C04F79EFBC}") = "Tyuiu.KhasanovRV.Sprint0.TaskReview.V0.Test", "Tyuiu.KhasanovRV.Sprint0.TaskReview.V0.Test\Tyuiu.KhasanovRV.Sprint0.TaskReview.V0.Test.csproj", "{2E062974-974C-49C0-9E58-D20F405F6C62}"
EndProject
Global
	GlobalSection(SolutionConfigurationPlatforms) = preSolution
		Debug|Any CPU = Debug|Any CPU
		Release|Any CPU = Release|Any CPU
	EndGlobalSection
	GlobalSection(ProjectConfigurationPlatforms) = postSolution
		{52B6B546-1688-48CE-9F51-E69FBB9F1DD8}.Debug|Any CPU.ActiveCfg = Debug|Any CPU
		{52B6B546-1688-48CE-9F51-E69FBB9F1DD8}.Debug|Any CPU.Build.0 = Debug|Any CPU
		{52B6B546-1688-48CE-9F51-E69FBB9F1DD8}.Release|Any CPU.ActiveCfg = Release|Any CPU
		{52B6B546-1688-48CE-9F51-E69FBB9F1DD8}.Release|Any CPU.Build.0 = Release|Any CPU
		{B6A6712B-5F98-4722-9B31-72EBE44FC044}.Debug|Any CPU.ActiveCfg = Debug|Any CPU
		{B6A6712B-5F98-4722-9B31-72EBE44FC044}.Debug|Any CPU.Build.0 = Debug|Any CPU
		{B6A6712B-5F98-4722-9B31-72EBE44FC044}.Release|Any CPU.ActiveCfg = Release|Any CPU
		{B6A6712B-5F98-4722-9B31-72EBE44FC044}.Release|Any CPU.Build.0 = Release|Any CPU
		{2E062974-974C-49C0-9E58-D20F405F6C62}.Debug|Any CPU.ActiveCfg = Debug|Any CPU
		{2E062974-974C-49C0-9E58-D20F405F6C62}.Debug|Any CPU.Build.0 = Debug|Any CPU
		{2E062974-974C-49C0-9E58-D20F405F6C62}.Release|Any CPU.ActiveCfg = Release|Any CPU
		{2E062974-974C-49C0-9E58-D20F405F6C62}.Release|Any CPU.Build.0 = Release|Any CPU
	EndGlobalSection
	GlobalSection(SolutionProperties) = preSolution
		HideSolutionNode = FALSE
	EndGlobalSection
	GlobalSection(NestedProjects) = preSolution
		{52B6B546-1688-48CE-9F51-E69FBB9F1DD8} = {934BBF26-1FAB-4C25-B2C7-6A6F35E35022}
		{B6A6712B-5F98-4722-9B31-72EBE44FC044} = {934BBF26-1FAB-4C25-B2C7-6A6F35E35022}
		{2E062974-974C-49C0-9E58-D20F405F6C62} = {934BBF26-1FAB-4C25-B2C7-6A6F35E35022}
	EndGlobalSection
	GlobalSection(ExtensibilityGlobals) = postSolution
		SolutionGuid = {31D6B91B-C691-455D-8175-16739A548055}
	EndGlobalSection
EndGlobal
